
Microsoft Visual Studio Solution File, Format Version 12.00
# Visual Studio Version 16
VisualStudioVersion = 16.0.31019.35
MinimumVisualStudioVersion = 10.0.40219.1
Project("{FAE04EC0-301F-11D3-BF4B-00C04F79EFBC}") = "Proiect", "Proiect\Proiect.csproj", "{E8701CAB-2233-4822-BCEF-9947F67F6939}"
EndProject
Global
	GlobalSection(SolutionConfigurationPlatforms) = preSolution
		Debug|Any CPU = Debug|Any CPU
		Release|Any CPU = Release|Any CPU
	EndGlobalSection
	GlobalSection(ProjectConfigurationPlatforms) = postSolution
		{E8701CAB-2233-4822-BCEF-9947F67F6939}.Debug|Any CPU.ActiveCfg = Debug|Any CPU
		{E8701CAB-2233-4822-BCEF-9947F67F6939}.Debug|Any CPU.Build.0 = Debug|Any CPU
		{E8701CAB-2233-4822-BCEF-9947F67F6939}.Release|Any CPU.ActiveCfg = Release|Any CPU
		{E8701CAB-2233-4822-BCEF-9947F67F6939}.Release|Any CPU.Build.0 = Release|Any CPU
	EndGlobalSection
	GlobalSection(SolutionProperties) = preSolution
		HideSolutionNode = FALSE
	EndGlobalSection
	GlobalSection(ExtensibilityGlobals) = postSolution
		SolutionGuid = {8D62196F-6A88-4C3F-9D6F-FD8930753B55}
	EndGlobalSection
EndGlobal
